# This file is generated by running "yarn install" inside your project.
# Manual changes might be lost - proceed with caution!

__metadata:
  version: 6
  cacheKey: 8

"php_mvc@workspace:.":
  version: 0.0.0-use.local
  resolution: "php_mvc@workspace:."
  dependencies:
    tata-js: ^0.1.5
  languageName: unknown
  linkType: soft

"tata-js@npm:^0.1.5":
  version: 0.1.5
  resolution: "tata-js@npm:0.1.5"
  checksum: 4bf9f655ed26fdc9f19527f0a7170a49b413c2af02bb9bf114c87e2de67ece50caeb7e74b5faf3021de1e44094a3159f43a164f3ae2a84609e8d91feba49c819
  languageName: node
  linkType: hard
